PODS:
  - Alamofire (4.4.0)
  - LBTAComponents (0.1.9)
  - SwiftyJSON (3.1.4)

DEPENDENCIES:
  - Alamofire (~> 4.4)
  - LBTAComponents (~> 0.1.9)
  - SwiftyJSON

SPEC CHECKSUMS:
  Alamofire: dc44b1600b800eb63da6a19039a0083d62a6a62d
  LBTAComponents: 9a5d314080d1f80208062ccc81a2d25225c5f572
  SwiftyJSON: c2842d878f95482ffceec5709abc3d05680c0220

PODFILE CHECKSUM: 48546ed1c55535d4b2cbe05e29587f9189faa792

COCOAPODS: 1.2.0
