// !$*UTF8*$!
{
	archiveVersion = 1;
	classes = {
	};
	objectVersion = 46;
	objects = {

/* Begin PBXBuildFile section */
		0AE263E85D60DFFBFA45CD5E /* Pods_FanspoleUITests.framework in Frameworks */ = {isa = PBXBuildFile; fileRef = AA9887A61CE9AFED3A9350D7 /* Pods_FanspoleUITests.framework */; };
		0B4EF2B4321145F5C3DC021E /* Pods_FanspoleTests.framework in Frameworks */ = {isa = PBXBuildFile; fileRef = C69467CC3AB3099CB8487F78 /* Pods_FanspoleTests.framework */; };
		D2B6C88651CB3C553AA3C568 /* Pods_Fanspole.framework in Frameworks */ = {isa = PBXBuildFile; fileRef = D62FEFE37A14C314DBB5C230 /* Pods_Fanspole.framework */; };
		FF0BE37B1E5A0219008AE16B /* Assets.xcassets in Resources */ = {isa = PBXBuildFile; fileRef = FF0BE37A1E5A0219008AE16B /* Assets.xcassets */; };
		FF5264071E5CEFD10091C22F /* HomeDataSource.swift in Sources */ = {isa = PBXBuildFile; fileRef = FF5264061E5CEFD10091C22F /* HomeDataSource.swift */; };
		FF5264091E5CF0240091C22F /* Event.swift in Sources */ = {isa = PBXBuildFile; fileRef = FF5264081E5CF0240091C22F /* Event.swift */; };
		FF52640B1E5CF0DA0091C22F /* EventCell.swift in Sources */ = {isa = PBXBuildFile; fileRef = FF52640A1E5CF0DA0091C22F /* EventCell.swift */; };
		FF6C72F91E5F1BE2002055B2 /* Series.swift in Sources */ = {isa = PBXBuildFile; fileRef = FF6C72F81E5F1BE2002055B2 /* Series.swift */; };
		FF6C72FB1E5F1BF3002055B2 /* Ground.swift in Sources */ = {isa = PBXBuildFile; fileRef = FF6C72FA1E5F1BF3002055B2 /* Ground.swift */; };
		FF6C72FD1E5F1C00002055B2 /* Team.swift in Sources */ = {isa = PBXBuildFile; fileRef = FF6C72FC1E5F1C00002055B2 /* Team.swift */; };
		FF70CA8F1E61F2B600C4202B /* Member.swift in Sources */ = {isa = PBXBuildFile; fileRef = FF70CA8E1E61F2B600C4202B /* Member.swift */; };
		FF70CA911E61F40700C4202B /* LeaderBoardCell.swift in Sources */ = {isa = PBXBuildFile; fileRef = FF70CA901E61F40700C4202B /* LeaderBoardCell.swift */; };
		FFB221701E5E12310004526F /* Service.swift in Sources */ = {isa = PBXBuildFile; fileRef = FFB2216F1E5E12310004526F /* Service.swift */; };
		FFFBC9B01E5836F700C8B781 /* AppDelegate.swift in Sources */ = {isa = PBXBuildFile; fileRef = FFFBC9AF1E5836F700C8B781 /* AppDelegate.swift */; };
		FFFBC9B21E5836F700C8B781 /* LoginController.swift in Sources */ = {isa = PBXBuildFile; fileRef = FFFBC9B11E5836F700C8B781 /* LoginController.swift */; };
		FFFBC9B51E5836F700C8B781 /* Main.storyboard in Resources */ = {isa = PBXBuildFile; fileRef = FFFBC9B31E5836F700C8B781 /* Main.storyboard */; };
		FFFBC9BA1E5836F700C8B781 /* LaunchScreen.storyboard in Resources */ = {isa = PBXBuildFile; fileRef = FFFBC9B81E5836F700C8B781 /* LaunchScreen.storyboard */; };
		FFFBC9C51E5836F700C8B781 /* FanspoleTests.swift in Sources */ = {isa = PBXBuildFile; fileRef = FFFBC9C41E5836F700C8B781 /* FanspoleTests.swift */; };
		FFFBC9D01E5836F700C8B781 /* FanspoleUITests.swift in Sources */ = {isa = PBXBuildFile; fileRef = FFFBC9CF1E5836F700C8B781 /* FanspoleUITests.swift */; };
		FFFBC9DE1E58385800C8B781 /* UIView.swift in Sources */ = {isa = PBXBuildFile; fileRef = FFFBC9DD1E58385800C8B781 /* UIView.swift */; };
		FFFBC9E01E5839DF00C8B781 /* PageCell.swift in Sources */ = {isa = PBXBuildFile; fileRef = FFFBC9DF1E5839DF00C8B781 /* PageCell.swift */; };
		FFFBC9E21E583C6E00C8B781 /* Page.swift in Sources */ = {isa = PBXBuildFile; fileRef = FFFBC9E11E583C6E00C8B781 /* Page.swift */; };
		FFFBC9E41E58438900C8B781 /* LoginCell.swift in Sources */ = {isa = PBXBuildFile; fileRef = FFFBC9E31E58438900C8B781 /* LoginCell.swift */; };
		FFFBC9E61E5848BF00C8B781 /* MainNavigationController.swift in Sources */ = {isa = PBXBuildFile; fileRef = FFFBC9E51E5848BF00C8B781 /* MainNavigationController.swift */; };
		FFFBC9EB1E58492D00C8B781 /* UserDefaults.swift in Sources */ = {isa = PBXBuildFile; fileRef = FFFBC9EA1E58492D00C8B781 /* UserDefaults.swift */; };
		FFFBC9ED1E584EAC00C8B781 /* HomeController.swift in Sources */ = {isa = PBXBuildFile; fileRef = FFFBC9EC1E584EAC00C8B781 /* HomeController.swift */; };
		FFFE609C1E607C87002D50F5 /* LeaderBoardController.swift in Sources */ = {isa = PBXBuildFile; fileRef = FFFE609B1E607C87002D50F5 /* LeaderBoardController.swift */; };
		FFFE609E1E60E26A002D50F5 /* LeaderBoardDataSource.swift in Sources */ = {isa = PBXBuildFile; fileRef = FFFE609D1E60E26A002D50F5 /* LeaderBoardDataSource.swift */; };
/* End PBXBuildFile section */

/* Begin PBXContainerItemProxy section */
		FFFBC9C11E5836F700C8B781 /* PBXContainerItemProxy */ = {
			isa = PBXContainerItemProxy;
			containerPortal = FFFBC9A41E5836F700C8B781 /* Project object */;
			proxyType = 1;
			remoteGlobalIDString = FFFBC9AB1E5836F700C8B781;
			remoteInfo = Fanspole;
		};
		FFFBC9CC1E5836F700C8B781 /* PBXContainerItemProxy */ = {
			isa = PBXContainerItemProxy;
			containerPortal = FFFBC9A41E5836F700C8B781 /* Project object */;
			proxyType = 1;
			remoteGlobalIDString = FFFBC9AB1E5836F700C8B781;
			remoteInfo = Fanspole;
		};
/* End PBXContainerItemProxy section */

/* Begin PBXFileReference section */
		2CFA4ED78914C6FD2067D778 /* Pods-FanspoleTests.release.xcconfig */ = {isa = PBXFileReference; includeInIndex = 1; lastKnownFileType = text.xcconfig; name = "Pods-FanspoleTests.release.xcconfig"; path = "Pods/Target Support Files/Pods-FanspoleTests/Pods-FanspoleTests.release.xcconfig"; sourceTree = "<group>"; };
		69CEDDB89305E94678EF7E8D /* Pods-FanspoleUITests.debug.xcconfig */ = {isa = PBXFileReference; includeInIndex = 1; lastKnownFileType = text.xcconfig; name = "Pods-FanspoleUITests.debug.xcconfig"; path = "Pods/Target Support Files/Pods-FanspoleUITests/Pods-FanspoleUITests.debug.xcconfig"; sourceTree = "<group>"; };
		A8F0B8F2B6422F000E01F707 /* Pods-FanspoleTests.debug.xcconfig */ = {isa = PBXFileReference; includeInIndex = 1; lastKnownFileType = text.xcconfig; name = "Pods-FanspoleTests.debug.xcconfig"; path = "Pods/Target Support Files/Pods-FanspoleTests/Pods-FanspoleTests.debug.xcconfig"; sourceTree = "<group>"; };
		AA9887A61CE9AFED3A9350D7 /* Pods_FanspoleUITests.framework */ = {isa = PBXFileReference; explicitFileType = wrapper.framework; includeInIndex = 0; path = Pods_FanspoleUITests.framework; sourceTree = BUILT_PRODUCTS_DIR; };
		C5E36F91DC013158BFF711F7 /* Pods-FanspoleUITests.release.xcconfig */ = {isa = PBXFileReference; includeInIndex = 1; lastKnownFileType = text.xcconfig; name = "Pods-FanspoleUITests.release.xcconfig"; path = "Pods/Target Support Files/Pods-FanspoleUITests/Pods-FanspoleUITests.release.xcconfig"; sourceTree = "<group>"; };
		C69467CC3AB3099CB8487F78 /* Pods_FanspoleTests.framework */ = {isa = PBXFileReference; explicitFileType = wrapper.framework; includeInIndex = 0; path = Pods_FanspoleTests.framework; sourceTree = BUILT_PRODUCTS_DIR; };
		D62FEFE37A14C314DBB5C230 /* Pods_Fanspole.framework */ = {isa = PBXFileReference; explicitFileType = wrapper.framework; includeInIndex = 0; path = Pods_Fanspole.framework; sourceTree = BUILT_PRODUCTS_DIR; };
		D96D0571B53F10C7F4C6F94D /* Pods-Fanspole.release.xcconfig */ = {isa = PBXFileReference; includeInIndex = 1; lastKnownFileType = text.xcconfig; name = "Pods-Fanspole.release.xcconfig"; path = "Pods/Target Support Files/Pods-Fanspole/Pods-Fanspole.release.xcconfig"; sourceTree = "<group>"; };
		EC7147595D7488AA073FBB88 /* Pods-Fanspole.debug.xcconfig */ = {isa = PBXFileReference; includeInIndex = 1; lastKnownFileType = text.xcconfig; name = "Pods-Fanspole.debug.xcconfig"; path = "Pods/Target Support Files/Pods-Fanspole/Pods-Fanspole.debug.xcconfig"; sourceTree = "<group>"; };
		FF0BE37A1E5A0219008AE16B /* Assets.xcassets */ = {isa = PBXFileReference; lastKnownFileType = folder.assetcatalog; path = Assets.xcassets; sourceTree = "<group>"; };
		FF5264061E5CEFD10091C22F /* HomeDataSource.swift */ = {isa = PBXFileReference; fileEncoding = 4; lastKnownFileType = sourcecode.swift; path = HomeDataSource.swift; sourceTree = "<group>"; };
		FF5264081E5CF0240091C22F /* Event.swift */ = {isa = PBXFileReference; fileEncoding = 4; lastKnownFileType = sourcecode.swift; path = Event.swift; sourceTree = "<group>"; };
		FF52640A1E5CF0DA0091C22F /* EventCell.swift */ = {isa = PBXFileReference; fileEncoding = 4; lastKnownFileType = sourcecode.swift; path = EventCell.swift; sourceTree = "<group>"; };
		FF6C72F81E5F1BE2002055B2 /* Series.swift */ = {isa = PBXFileReference; fileEncoding = 4; lastKnownFileType = sourcecode.swift; path = Series.swift; sourceTree = "<group>"; };
		FF6C72FA1E5F1BF3002055B2 /* Ground.swift */ = {isa = PBXFileReference; fileEncoding = 4; lastKnownFileType = sourcecode.swift; path = Ground.swift; sourceTree = "<group>"; };
		FF6C72FC1E5F1C00002055B2 /* Team.swift */ = {isa = PBXFileReference; fileEncoding = 4; lastKnownFileType = sourcecode.swift; path = Team.swift; sourceTree = "<group>"; };
		FF70CA8E1E61F2B600C4202B /* Member.swift */ = {isa = PBXFileReference; fileEncoding = 4; lastKnownFileType = sourcecode.swift; path = Member.swift; sourceTree = "<group>"; };
		FF70CA901E61F40700C4202B /* LeaderBoardCell.swift */ = {isa = PBXFileReference; fileEncoding = 4; lastKnownFileType = sourcecode.swift; path = LeaderBoardCell.swift; sourceTree = "<group>"; };
		FFB2216F1E5E12310004526F /* Service.swift */ = {isa = PBXFileReference; fileEncoding = 4; lastKnownFileType = sourcecode.swift; path = Service.swift; sourceTree = "<group>"; };
		FFFBC9AC1E5836F700C8B781 /* Fanspole.app */ = {isa = PBXFileReference; explicitFileType = wrapper.application; includeInIndex = 0; path = Fanspole.app; sourceTree = BUILT_PRODUCTS_DIR; };
		FFFBC9AF1E5836F700C8B781 /* AppDelegate.swift */ = {isa = PBXFileReference; lastKnownFileType = sourcecode.swift; path = AppDelegate.swift; sourceTree = "<group>"; };
		FFFBC9B11E5836F700C8B781 /* LoginController.swift */ = {isa = PBXFileReference; lastKnownFileType = sourcecode.swift; path = LoginController.swift; sourceTree = "<group>"; };
		FFFBC9B41E5836F700C8B781 /* Base */ = {isa = PBXFileReference; lastKnownFileType = file.storyboard; name = Base; path = Base.lproj/Main.storyboard; sourceTree = "<group>"; };
		FFFBC9B91E5836F700C8B781 /* Base */ = {isa = PBXFileReference; lastKnownFileType = file.storyboard; name = Base; path = Base.lproj/LaunchScreen.storyboard; sourceTree = "<group>"; };
		FFFBC9BB1E5836F700C8B781 /* Info.plist */ = {isa = PBXFileReference; lastKnownFileType = text.plist.xml; path = Info.plist; sourceTree = "<group>"; };
		FFFBC9C01E5836F700C8B781 /* FanspoleTests.xctest */ = {isa = PBXFileReference; explicitFileType = wrapper.cfbundle; includeInIndex = 0; path = FanspoleTests.xctest; sourceTree = BUILT_PRODUCTS_DIR; };
		FFFBC9C41E5836F700C8B781 /* FanspoleTests.swift */ = {isa = PBXFileReference; lastKnownFileType = sourcecode.swift; path = FanspoleTests.swift; sourceTree = "<group>"; };
		FFFBC9C61E5836F700C8B781 /* Info.plist */ = {isa = PBXFileReference; lastKnownFileType = text.plist.xml; path = Info.plist; sourceTree = "<group>"; };
		FFFBC9CB1E5836F700C8B781 /* FanspoleUITests.xctest */ = {isa = PBXFileReference; explicitFileType = wrapper.cfbundle; includeInIndex = 0; path = FanspoleUITests.xctest; sourceTree = BUILT_PRODUCTS_DIR; };
		FFFBC9CF1E5836F700C8B781 /* FanspoleUITests.swift */ = {isa = PBXFileReference; lastKnownFileType = sourcecode.swift; path = FanspoleUITests.swift; sourceTree = "<group>"; };
		FFFBC9D11E5836F700C8B781 /* Info.plist */ = {isa = PBXFileReference; lastKnownFileType = text.plist.xml; path = Info.plist; sourceTree = "<group>"; };
		FFFBC9DD1E58385800C8B781 /* UIView.swift */ = {isa = PBXFileReference; fileEncoding = 4; lastKnownFileType = sourcecode.swift; path = UIView.swift; sourceTree = "<group>"; };
		FFFBC9DF1E5839DF00C8B781 /* PageCell.swift */ = {isa = PBXFileReference; fileEncoding = 4; lastKnownFileType = sourcecode.swift; path = PageCell.swift; sourceTree = "<group>"; };
		FFFBC9E11E583C6E00C8B781 /* Page.swift */ = {isa = PBXFileReference; fileEncoding = 4; lastKnownFileType = sourcecode.swift; path = Page.swift; sourceTree = "<group>"; };
		FFFBC9E31E58438900C8B781 /* LoginCell.swift */ = {isa = PBXFileReference; fileEncoding = 4; lastKnownFileType = sourcecode.swift; path = LoginCell.swift; sourceTree = "<group>"; };
		FFFBC9E51E5848BF00C8B781 /* MainNavigationController.swift */ = {isa = PBXFileReference; fileEncoding = 4; lastKnownFileType = sourcecode.swift; path = MainNavigationController.swift; sourceTree = "<group>"; };
		FFFBC9EA1E58492D00C8B781 /* UserDefaults.swift */ = {isa = PBXFileReference; fileEncoding = 4; lastKnownFileType = sourcecode.swift; path = UserDefaults.swift; sourceTree = "<group>"; };
		FFFBC9EC1E584EAC00C8B781 /* HomeController.swift */ = {isa = PBXFileReference; fileEncoding = 4; lastKnownFileType = sourcecode.swift; path = HomeController.swift; sourceTree = "<group>"; };
		FFFE609B1E607C87002D50F5 /* LeaderBoardController.swift */ = {isa = PBXFileReference; fileEncoding = 4; lastKnownFileType = sourcecode.swift; path = LeaderBoardController.swift; sourceTree = "<group>"; };
		FFFE609D1E60E26A002D50F5 /* LeaderBoardDataSource.swift */ = {isa = PBXFileReference; fileEncoding = 4; lastKnownFileType = sourcecode.swift; path = LeaderBoardDataSource.swift; sourceTree = "<group>"; };
/* End PBXFileReference section */

/* Begin PBXFrameworksBuildPhase section */
		FFFBC9A91E5836F700C8B781 /* Frameworks */ = {
			isa = PBXFrameworksBuildPhase;
			buildActionMask = 2147483647;
			files = (
				D2B6C88651CB3C553AA3C568 /* Pods_Fanspole.framework in Frameworks */,
			);
			runOnlyForDeploymentPostprocessing = 0;
		};
		FFFBC9BD1E5836F700C8B781 /* Frameworks */ = {
			isa = PBXFrameworksBuildPhase;
			buildActionMask = 2147483647;
			files = (
				0B4EF2B4321145F5C3DC021E /* Pods_FanspoleTests.framework in Frameworks */,
			);
			runOnlyForDeploymentPostprocessing = 0;
		};
		FFFBC9C81E5836F700C8B781 /* Frameworks */ = {
			isa = PBXFrameworksBuildPhase;
			buildActionMask = 2147483647;
			files = (
				0AE263E85D60DFFBFA45CD5E /* Pods_FanspoleUITests.framework in Frameworks */,
			);
			runOnlyForDeploymentPostprocessing = 0;
		};
/* End PBXFrameworksBuildPhase section */

/* Begin PBXGroup section */
		08A953A117397337A7A7C6C5 /* Frameworks */ = {
			isa = PBXGroup;
			children = (
				D62FEFE37A14C314DBB5C230 /* Pods_Fanspole.framework */,
				C69467CC3AB3099CB8487F78 /* Pods_FanspoleTests.framework */,
				AA9887A61CE9AFED3A9350D7 /* Pods_FanspoleUITests.framework */,
			);
			name = Frameworks;
			sourceTree = "<group>";
		};
		AD4C8D139F9D9AEDE3BE59F5 /* Pods */ = {
			isa = PBXGroup;
			children = (
				EC7147595D7488AA073FBB88 /* Pods-Fanspole.debug.xcconfig */,
				D96D0571B53F10C7F4C6F94D /* Pods-Fanspole.release.xcconfig */,
				A8F0B8F2B6422F000E01F707 /* Pods-FanspoleTests.debug.xcconfig */,
				2CFA4ED78914C6FD2067D778 /* Pods-FanspoleTests.release.xcconfig */,
				69CEDDB89305E94678EF7E8D /* Pods-FanspoleUITests.debug.xcconfig */,
				C5E36F91DC013158BFF711F7 /* Pods-FanspoleUITests.release.xcconfig */,
			);
			name = Pods;
			sourceTree = "<group>";
		};
		FF0BE37C1E5A1002008AE16B /* Controllers */ = {
			isa = PBXGroup;
			children = (
				FFFBC9EC1E584EAC00C8B781 /* HomeController.swift */,
				FFFBC9E51E5848BF00C8B781 /* MainNavigationController.swift */,
				FFFBC9B11E5836F700C8B781 /* LoginController.swift */,
				FFFE609B1E607C87002D50F5 /* LeaderBoardController.swift */,
			);
			name = Controllers;
			sourceTree = "<group>";
		};
		FF0BE37D1E5A1043008AE16B /* Views */ = {
			isa = PBXGroup;
			children = (
				FFFBC9E31E58438900C8B781 /* LoginCell.swift */,
				FFFBC9DF1E5839DF00C8B781 /* PageCell.swift */,
				FF5264061E5CEFD10091C22F /* HomeDataSource.swift */,
				FFFE609D1E60E26A002D50F5 /* LeaderBoardDataSource.swift */,
				FF52640A1E5CF0DA0091C22F /* EventCell.swift */,
				FF70CA901E61F40700C4202B /* LeaderBoardCell.swift */,
			);
			name = Views;
			sourceTree = "<group>";
		};
		FF0BE37E1E5A105A008AE16B /* Models */ = {
			isa = PBXGroup;
			children = (
				FFFBC9E11E583C6E00C8B781 /* Page.swift */,
				FF5264081E5CF0240091C22F /* Event.swift */,
				FF6C72F81E5F1BE2002055B2 /* Series.swift */,
				FF6C72FA1E5F1BF3002055B2 /* Ground.swift */,
				FF6C72FC1E5F1C00002055B2 /* Team.swift */,
				FF70CA8E1E61F2B600C4202B /* Member.swift */,
			);
			name = Models;
			sourceTree = "<group>";
		};
		FFB2216E1E5E12140004526F /* Service */ = {
			isa = PBXGroup;
			children = (
				FFB2216F1E5E12310004526F /* Service.swift */,
			);
			name = Service;
			sourceTree = "<group>";
		};
		FFFBC9A31E5836F700C8B781 = {
			isa = PBXGroup;
			children = (
				FFFBC9AE1E5836F700C8B781 /* Fanspole */,
				FFFBC9C31E5836F700C8B781 /* FanspoleTests */,
				FFFBC9CE1E5836F700C8B781 /* FanspoleUITests */,
				FFFBC9AD1E5836F700C8B781 /* Products */,
				AD4C8D139F9D9AEDE3BE59F5 /* Pods */,
				08A953A117397337A7A7C6C5 /* Frameworks */,
			);
			sourceTree = "<group>";
		};
		FFFBC9AD1E5836F700C8B781 /* Products */ = {
			isa = PBXGroup;
			children = (
				FFFBC9AC1E5836F700C8B781 /* Fanspole.app */,
				FFFBC9C01E5836F700C8B781 /* FanspoleTests.xctest */,
				FFFBC9CB1E5836F700C8B781 /* FanspoleUITests.xctest */,
			);
			name = Products;
			sourceTree = "<group>";
		};
		FFFBC9AE1E5836F700C8B781 /* Fanspole */ = {
			isa = PBXGroup;
			children = (
				FFFBC9AF1E5836F700C8B781 /* AppDelegate.swift */,
				FFB2216E1E5E12140004526F /* Service */,
				FF0BE37E1E5A105A008AE16B /* Models */,
				FF0BE37D1E5A1043008AE16B /* Views */,
				FF0BE37C1E5A1002008AE16B /* Controllers */,
				FFFBC9E91E58491400C8B781 /* Extensions */,
				FFFBC9B31E5836F700C8B781 /* Main.storyboard */,
				FFFBC9B81E5836F700C8B781 /* LaunchScreen.storyboard */,
				FFFBC9BB1E5836F700C8B781 /* Info.plist */,
				FF0BE37A1E5A0219008AE16B /* Assets.xcassets */,
			);
			path = Fanspole;
			sourceTree = "<group>";
		};
		FFFBC9C31E5836F700C8B781 /* FanspoleTests */ = {
			isa = PBXGroup;
			children = (
				FFFBC9C41E5836F700C8B781 /* FanspoleTests.swift */,
				FFFBC9C61E5836F700C8B781 /* Info.plist */,
			);
			path = FanspoleTests;
			sourceTree = "<group>";
		};
		FFFBC9CE1E5836F700C8B781 /* FanspoleUITests */ = {
			isa = PBXGroup;
			children = (
				FFFBC9CF1E5836F700C8B781 /* FanspoleUITests.swift */,
				FFFBC9D11E5836F700C8B781 /* Info.plist */,
			);
			path = FanspoleUITests;
			sourceTree = "<group>";
		};
		FFFBC9E91E58491400C8B781 /* Extensions */ = {
			isa = PBXGroup;
			children = (
				FFFBC9DD1E58385800C8B781 /* UIView.swift */,
				FFFBC9EA1E58492D00C8B781 /* UserDefaults.swift */,
			);
			name = Extensions;
			sourceTree = "<group>";
		};
/* End PBXGroup section */

/* Begin PBXNativeTarget section */
		FFFBC9AB1E5836F700C8B781 /* Fanspole */ = {
			isa = PBXNativeTarget;
			buildConfigurationList = FFFBC9D41E5836F700C8B781 /* Build configuration list for PBXNativeTarget "Fanspole" */;
			buildPhases = (
				BB7ED9FEEF70C60EDB1A7D02 /* [CP] Check Pods Manifest.lock */,
				FFFBC9A81E5836F700C8B781 /* Sources */,
				FFFBC9A91E5836F700C8B781 /* Frameworks */,
				FFFBC9AA1E5836F700C8B781 /* Resources */,
				BBCF1EBF88D5CD46488332FE /* [CP] Embed Pods Frameworks */,
				1690D791052A15DB408932F5 /* [CP] Copy Pods Resources */,
			);
			buildRules = (
			);
			dependencies = (
			);
			name = Fanspole;
			productName = Fanspole;
			productReference = FFFBC9AC1E5836F700C8B781 /* Fanspole.app */;
			productType = "com.apple.product-type.application";
		};
		FFFBC9BF1E5836F700C8B781 /* FanspoleTests */ = {
			isa = PBXNativeTarget;
			buildConfigurationList = FFFBC9D71E5836F700C8B781 /* Build configuration list for PBXNativeTarget "FanspoleTests" */;
			buildPhases = (
				9680CA63BE27D7EDDCF110B7 /* [CP] Check Pods Manifest.lock */,
				FFFBC9BC1E5836F700C8B781 /* Sources */,
				FFFBC9BD1E5836F700C8B781 /* Frameworks */,
				FFFBC9BE1E5836F700C8B781 /* Resources */,
				1EDD00999C87AEC84F5097F1 /* [CP] Embed Pods Frameworks */,
				C1C2EC732197C5DE066B6ADB /* [CP] Copy Pods Resources */,
			);
			buildRules = (
			);
			dependencies = (
				FFFBC9C21E5836F700C8B781 /* PBXTargetDependency */,
			);
			name = FanspoleTests;
			productName = FanspoleTests;
			productReference = FFFBC9C01E5836F700C8B781 /* FanspoleTests.xctest */;
			productType = "com.apple.product-type.bundle.unit-test";
		};
		FFFBC9CA1E5836F700C8B781 /* FanspoleUITests */ = {
			isa = PBXNativeTarget;
			buildConfigurationList = FFFBC9DA1E5836F700C8B781 /* Build configuration list for PBXNativeTarget "FanspoleUITests" */;
			buildPhases = (
				136F2A98AFA12D771B000089 /* [CP] Check Pods Manifest.lock */,
				FFFBC9C71E5836F700C8B781 /* Sources */,
				FFFBC9C81E5836F700C8B781 /* Frameworks */,
				FFFBC9C91E5836F700C8B781 /* Resources */,
				574045D516869D1E5A3C26CC /* [CP] Embed Pods Frameworks */,
				D0E8490FABCE04E0F36DD879 /* [CP] Copy Pods Resources */,
			);
			buildRules = (
			);
			dependencies = (
				FFFBC9CD1E5836F700C8B781 /* PBXTargetDependency */,
			);
			name = FanspoleUITests;
			productName = FanspoleUITests;
			productReference = FFFBC9CB1E5836F700C8B781 /* FanspoleUITests.xctest */;
			productType = "com.apple.product-type.bundle.ui-testing";
		};
/* End PBXNativeTarget section */

/* Begin PBXProject section */
		FFFBC9A41E5836F700C8B781 /* Project object */ = {
			isa = PBXProject;
			attributes = {
				LastSwiftUpdateCheck = 0820;
				LastUpgradeCheck = 0820;
				ORGANIZATIONNAME = Fanspole;
				TargetAttributes = {
					FFFBC9AB1E5836F700C8B781 = {
						CreatedOnToolsVersion = 8.2.1;
						DevelopmentTeam = KA4XL394HC;
						ProvisioningStyle = Automatic;
					};
					FFFBC9BF1E5836F700C8B781 = {
						CreatedOnToolsVersion = 8.2.1;
						DevelopmentTeam = KA4XL394HC;
						ProvisioningStyle = Automatic;
						TestTargetID = FFFBC9AB1E5836F700C8B781;
					};
					FFFBC9CA1E5836F700C8B781 = {
						CreatedOnToolsVersion = 8.2.1;
						DevelopmentTeam = KA4XL394HC;
						ProvisioningStyle = Automatic;
						TestTargetID = FFFBC9AB1E5836F700C8B781;
					};
				};
			};
			buildConfigurationList = FFFBC9A71E5836F700C8B781 /* Build configuration list for PBXProject "Fanspole" */;
			compatibilityVersion = "Xcode 3.2";
			developmentRegion = English;
			hasScannedForEncodings = 0;
			knownRegions = (
				en,
				Base,
			);
			mainGroup = FFFBC9A31E5836F700C8B781;
			productRefGroup = FFFBC9AD1E5836F700C8B781 /* Products */;
			projectDirPath = "";
			projectRoot = "";
			targets = (
				FFFBC9AB1E5836F700C8B781 /* Fanspole */,
				FFFBC9BF1E5836F700C8B781 /* FanspoleTests */,
				FFFBC9CA1E5836F700C8B781 /* FanspoleUITests */,
			);
		};
/* End PBXProject section */

/* Begin PBXResourcesBuildPhase section */
		FFFBC9AA1E5836F700C8B781 /* Resources */ = {
			isa = PBXResourcesBuildPhase;
			buildActionMask = 2147483647;
			files = (
				FFFBC9BA1E5836F700C8B781 /* LaunchScreen.storyboard in Resources */,
				FF0BE37B1E5A0219008AE16B /* Assets.xcassets in Resources */,
				FFFBC9B51E5836F700C8B781 /* Main.storyboard in Resources */,
			);
			runOnlyForDeploymentPostprocessing = 0;
		};
		FFFBC9BE1E5836F700C8B781 /* Resources */ = {
			isa = PBXResourcesBuildPhase;
			buildActionMask = 2147483647;
			files = (
			);
			runOnlyForDeploymentPostprocessing = 0;
		};
		FFFBC9C91E5836F700C8B781 /* Resources */ = {
			isa = PBXResourcesBuildPhase;
			buildActionMask = 2147483647;
			files = (
			);
			runOnlyForDeploymentPostprocessing = 0;
		};
/* End PBXResourcesBuildPhase section */

/* Begin PBXShellScriptBuildPhase section */
		136F2A98AFA12D771B000089 /* [CP] Check Pods Manifest.lock */ = {
			isa = PBXShellScriptBuildPhase;
			buildActionMask = 2147483647;
			files = (
			);
			inputPaths = (
			);
			name = "[CP] Check Pods Manifest.lock";
			outputPaths = (
			);
			runOnlyForDeploymentPostprocessing = 0;
			shellPath = /bin/sh;
			shellScript = "diff \"${PODS_ROOT}/../Podfile.lock\" \"${PODS_ROOT}/Manifest.lock\" > /dev/null\nif [ $? != 0 ] ; then\n    # print error to STDERR\n    echo \"error: The sandbox is not in sync with the Podfile.lock. Run 'pod install' or update your CocoaPods installation.\" >&2\n    exit 1\nfi\n";
			showEnvVarsInLog = 0;
		};
		1690D791052A15DB408932F5 /* [CP] Copy Pods Resources */ = {
			isa = PBXShellScriptBuildPhase;
			buildActionMask = 2147483647;
			files = (
			);
			inputPaths = (
			);
			name = "[CP] Copy Pods Resources";
			outputPaths = (
			);
			runOnlyForDeploymentPostprocessing = 0;
			shellPath = /bin/sh;
			shellScript = "\"${SRCROOT}/Pods/Target Support Files/Pods-Fanspole/Pods-Fanspole-resources.sh\"\n";
			showEnvVarsInLog = 0;
		};
		1EDD00999C87AEC84F5097F1 /* [CP] Embed Pods Frameworks */ = {
			isa = PBXShellScriptBuildPhase;
			buildActionMask = 2147483647;
			files = (
			);
			inputPaths = (
			);
			name = "[CP] Embed Pods Frameworks";
			outputPaths = (
			);
			runOnlyForDeploymentPostprocessing = 0;
			shellPath = /bin/sh;
			shellScript = "\"${SRCROOT}/Pods/Target Support Files/Pods-FanspoleTests/Pods-FanspoleTests-frameworks.sh\"\n";
			showEnvVarsInLog = 0;
		};
		574045D516869D1E5A3C26CC /* [CP] Embed Pods Frameworks */ = {
			isa = PBXShellScriptBuildPhase;
			buildActionMask = 2147483647;
			files = (
			);
			inputPaths = (
			);
			name = "[CP] Embed Pods Frameworks";
			outputPaths = (
			);
			runOnlyForDeploymentPostprocessing = 0;
			shellPath = /bin/sh;
			shellScript = "\"${SRCROOT}/Pods/Target Support Files/Pods-FanspoleUITests/Pods-FanspoleUITests-frameworks.sh\"\n";
			showEnvVarsInLog = 0;
		};
		9680CA63BE27D7EDDCF110B7 /* [CP] Check Pods Manifest.lock */ = {
			isa = PBXShellScriptBuildPhase;
			buildActionMask = 2147483647;
			files = (
			);
			inputPaths = (
			);
			name = "[CP] Check Pods Manifest.lock";
			outputPaths = (
			);
			runOnlyForDeploymentPostprocessing = 0;
			shellPath = /bin/sh;
			shellScript = "diff \"${PODS_ROOT}/../Podfile.lock\" \"${PODS_ROOT}/Manifest.lock\" > /dev/null\nif [ $? != 0 ] ; then\n    # print error to STDERR\n    echo \"error: The sandbox is not in sync with the Podfile.lock. Run 'pod install' or update your CocoaPods installation.\" >&2\n    exit 1\nfi\n";
			showEnvVarsInLog = 0;
		};
		BB7ED9FEEF70C60EDB1A7D02 /* [CP] Check Pods Manifest.lock */ = {
			isa = PBXShellScriptBuildPhase;
			buildActionMask = 2147483647;
			files = (
			);
			inputPaths = (
			);
			name = "[CP] Check Pods Manifest.lock";
			outputPaths = (
			);
			runOnlyForDeploymentPostprocessing = 0;
			shellPath = /bin/sh;
			shellScript = "diff \"${PODS_ROOT}/../Podfile.lock\" \"${PODS_ROOT}/Manifest.lock\" > /dev/null\nif [ $? != 0 ] ; then\n    # print error to STDERR\n    echo \"error: The sandbox is not in sync with the Podfile.lock. Run 'pod install' or update your CocoaPods installation.\" >&2\n    exit 1\nfi\n";
			showEnvVarsInLog = 0;
		};
		BBCF1EBF88D5CD46488332FE /* [CP] Embed Pods Frameworks */ = {
			isa = PBXShellScriptBuildPhase;
			buildActionMask = 2147483647;
			files = (
			);
			inputPaths = (
			);
			name = "[CP] Embed Pods Frameworks";
			outputPaths = (
			);
			runOnlyForDeploymentPostprocessing = 0;
			shellPath = /bin/sh;
			shellScript = "\"${SRCROOT}/Pods/Target Support Files/Pods-Fanspole/Pods-Fanspole-frameworks.sh\"\n";
			showEnvVarsInLog = 0;
		};
		C1C2EC732197C5DE066B6ADB /* [CP] Copy Pods Resources */ = {
			isa = PBXShellScriptBuildPhase;
			buildActionMask = 2147483647;
			files = (
			);
			inputPaths = (
			);
			name = "[CP] Copy Pods Resources";
			outputPaths = (
			);
			runOnlyForDeploymentPostprocessing = 0;
			shellPath = /bin/sh;
			shellScript = "\"${SRCROOT}/Pods/Target Support Files/Pods-FanspoleTests/Pods-FanspoleTests-resources.sh\"\n";
			showEnvVarsInLog = 0;
		};
		D0E8490FABCE04E0F36DD879 /* [CP] Copy Pods Resources */ = {
			isa = PBXShellScriptBuildPhase;
			buildActionMask = 2147483647;
			files = (
			);
			inputPaths = (
			);
			name = "[CP] Copy Pods Resources";
			outputPaths = (
			);
			runOnlyForDeploymentPostprocessing = 0;
			shellPath = /bin/sh;
			shellScript = "\"${SRCROOT}/Pods/Target Support Files/Pods-FanspoleUITests/Pods-FanspoleUITests-resources.sh\"\n";
			showEnvVarsInLog = 0;
		};
/* End PBXShellScriptBuildPhase section */

/* Begin PBXSourcesBuildPhase section */
		FFFBC9A81E5836F700C8B781 /* Sources */ = {
			isa = PBXSourcesBuildPhase;
			buildActionMask = 2147483647;
			files = (
				FF70CA8F1E61F2B600C4202B /* Member.swift in Sources */,
				FFFE609C1E607C87002D50F5 /* LeaderBoardController.swift in Sources */,
				FFFBC9B21E5836F700C8B781 /* LoginController.swift in Sources */,
				FFFE609E1E60E26A002D50F5 /* LeaderBoardDataSource.swift in Sources */,
				FFB221701E5E12310004526F /* Service.swift in Sources */,
				FF5264091E5CF0240091C22F /* Event.swift in Sources */,
				FFFBC9DE1E58385800C8B781 /* UIView.swift in Sources */,
				FFFBC9E01E5839DF00C8B781 /* PageCell.swift in Sources */,
				FF52640B1E5CF0DA0091C22F /* EventCell.swift in Sources */,
				FF6C72F91E5F1BE2002055B2 /* Series.swift in Sources */,
				FFFBC9B01E5836F700C8B781 /* AppDelegate.swift in Sources */,
				FF70CA911E61F40700C4202B /* LeaderBoardCell.swift in Sources */,
				FFFBC9EB1E58492D00C8B781 /* UserDefaults.swift in Sources */,
				FF6C72FB1E5F1BF3002055B2 /* Ground.swift in Sources */,
				FF5264071E5CEFD10091C22F /* HomeDataSource.swift in Sources */,
				FFFBC9ED1E584EAC00C8B781 /* HomeController.swift in Sources */,
				FF6C72FD1E5F1C00002055B2 /* Team.swift in Sources */,
				FFFBC9E61E5848BF00C8B781 /* MainNavigationController.swift in Sources */,
				FFFBC9E21E583C6E00C8B781 /* Page.swift in Sources */,
				FFFBC9E41E58438900C8B781 /* LoginCell.swift in Sources */,
			);
			runOnlyForDeploymentPostprocessing = 0;
		};
		FFFBC9BC1E5836F700C8B781 /* Sources */ = {
			isa = PBXSourcesBuildPhase;
			buildActionMask = 2147483647;
			files = (
				FFFBC9C51E5836F700C8B781 /* FanspoleTests.swift in Sources */,
			);
			runOnlyForDeploymentPostprocessing = 0;
		};
		FFFBC9C71E5836F700C8B781 /* Sources */ = {
			isa = PBXSourcesBuildPhase;
			buildActionMask = 2147483647;
			files = (
				FFFBC9D01E5836F700C8B781 /* FanspoleUITests.swift in Sources */,
			);
			runOnlyForDeploymentPostprocessing = 0;
		};
/* End PBXSourcesBuildPhase section */

/* Begin PBXTargetDependency section */
		FFFBC9C21E5836F700C8B781 /* PBXTargetDependency */ = {
			isa = PBXTargetDependency;
			target = FFFBC9AB1E5836F700C8B781 /* Fanspole */;
			targetProxy = FFFBC9C11E5836F700C8B781 /* PBXContainerItemProxy */;
		};
		FFFBC9CD1E5836F700C8B781 /* PBXTargetDependency */ = {
			isa = PBXTargetDependency;
			target = FFFBC9AB1E5836F700C8B781 /* Fanspole */;
			targetProxy = FFFBC9CC1E5836F700C8B781 /* PBXContainerItemProxy */;
		};
/* End PBXTargetDependency section */

/* Begin PBXVariantGroup section */
		FFFBC9B31E5836F700C8B781 /* Main.storyboard */ = {
			isa = PBXVariantGroup;
			children = (
				FFFBC9B41E5836F700C8B781 /* Base */,
			);
			name = Main.storyboard;
			sourceTree = "<group>";
		};
		FFFBC9B81E5836F700C8B781 /* LaunchScreen.storyboard */ = {
			isa = PBXVariantGroup;
			children = (
				FFFBC9B91E5836F700C8B781 /* Base */,
			);
			name = LaunchScreen.storyboard;
			sourceTree = "<group>";
		};
/* End PBXVariantGroup section */

/* Begin XCBuildConfiguration section */
		FFFBC9D21E5836F700C8B781 /* Debug */ = {
			isa = XCBuildConfiguration;
			buildSettings = {
				ALWAYS_SEARCH_USER_PATHS = NO;
				CLANG_ANALYZER_NONNULL = YES;
				CLANG_CXX_LANGUAGE_STANDARD = "gnu++0x";
				CLANG_CXX_LIBRARY = "libc++";
				CLANG_ENABLE_MODULES = YES;
				CLANG_ENABLE_OBJC_ARC = YES;
				CLANG_WARN_BOOL_CONVERSION = YES;
				CLANG_WARN_CONSTANT_CONVERSION = YES;
				CLANG_WARN_DIRECT_OBJC_ISA_USAGE = YES_ERROR;
				CLANG_WARN_DOCUMENTATION_COMMENTS = YES;
				CLANG_WARN_EMPTY_BODY = YES;
				CLANG_WARN_ENUM_CONVERSION = YES;
				CLANG_WARN_INFINITE_RECURSION = YES;
				CLANG_WARN_INT_CONVERSION = YES;
				CLANG_WARN_OBJC_ROOT_CLASS = YES_ERROR;
				CLANG_WARN_SUSPICIOUS_MOVE = YES;
				CLANG_WARN_UNREACHABLE_CODE = YES;
				CLANG_WARN__DUPLICATE_METHOD_MATCH = YES;
				"CODE_SIGN_IDENTITY[sdk=iphoneos*]" = "iPhone Developer";
				COPY_PHASE_STRIP = NO;
				DEBUG_INFORMATION_FORMAT = dwarf;
				ENABLE_STRICT_OBJC_MSGSEND = YES;
				ENABLE_TESTABILITY = YES;
				GCC_C_LANGUAGE_STANDARD = gnu99;
				GCC_DYNAMIC_NO_PIC = NO;
				GCC_NO_COMMON_BLOCKS = YES;
				GCC_OPTIMIZATION_LEVEL = 0;
				GCC_PREPROCESSOR_DEFINITIONS = (
					"DEBUG=1",
					"$(inherited)",
				);
				GCC_WARN_64_TO_32_BIT_CONVERSION = YES;
				GCC_WARN_ABOUT_RETURN_TYPE = YES_ERROR;
				GCC_WARN_UNDECLARED_SELECTOR = YES;
				GCC_WARN_UNINITIALIZED_AUTOS = YES_AGGRESSIVE;
				GCC_WARN_UNUSED_FUNCTION = YES;
				GCC_WARN_UNUSED_VARIABLE = YES;
				IPHONEOS_DEPLOYMENT_TARGET = 10.2;
				MTL_ENABLE_DEBUG_INFO = YES;
				ONLY_ACTIVE_ARCH = YES;
				SDKROOT = iphoneos;
				SWIFT_ACTIVE_COMPILATION_CONDITIONS = DEBUG;
				SWIFT_OPTIMIZATION_LEVEL = "-Onone";
			};
			name = Debug;
		};
		FFFBC9D31E5836F700C8B781 /* Release */ = {
			isa = XCBuildConfiguration;
			buildSettings = {
				ALWAYS_SEARCH_USER_PATHS = NO;
				CLANG_ANALYZER_NONNULL = YES;
				CLANG_CXX_LANGUAGE_STANDARD = "gnu++0x";
				CLANG_CXX_LIBRARY = "libc++";
				CLANG_ENABLE_MODULES = YES;
				CLANG_ENABLE_OBJC_ARC = YES;
				CLANG_WARN_BOOL_CONVERSION = YES;
				CLANG_WARN_CONSTANT_CONVERSION = YES;
				CLANG_WARN_DIRECT_OBJC_ISA_USAGE = YES_ERROR;
				CLANG_WARN_DOCUMENTATION_COMMENTS = YES;
				CLANG_WARN_EMPTY_BODY = YES;
				CLANG_WARN_ENUM_CONVERSION = YES;
				CLANG_WARN_INFINITE_RECURSION = YES;
				CLANG_WARN_INT_CONVERSION = YES;
				CLANG_WARN_OBJC_ROOT_CLASS = YES_ERROR;
				CLANG_WARN_SUSPICIOUS_MOVE = YES;
				CLANG_WARN_UNREACHABLE_CODE = YES;
				CLANG_WARN__DUPLICATE_METHOD_MATCH = YES;
				"CODE_SIGN_IDENTITY[sdk=iphoneos*]" = "iPhone Developer";
				COPY_PHASE_STRIP = NO;
				DEBUG_INFORMATION_FORMAT = "dwarf-with-dsym";
				ENABLE_NS_ASSERTIONS = NO;
				ENABLE_STRICT_OBJC_MSGSEND = YES;
				GCC_C_LANGUAGE_STANDARD = gnu99;
				GCC_NO_COMMON_BLOCKS = YES;
				GCC_WARN_64_TO_32_BIT_CONVERSION = YES;
				GCC_WARN_ABOUT_RETURN_TYPE = YES_ERROR;
				GCC_WARN_UNDECLARED_SELECTOR = YES;
				GCC_WARN_UNINITIALIZED_AUTOS = YES_AGGRESSIVE;
				GCC_WARN_UNUSED_FUNCTION = YES;
				GCC_WARN_UNUSED_VARIABLE = YES;
				IPHONEOS_DEPLOYMENT_TARGET = 10.2;
				MTL_ENABLE_DEBUG_INFO = NO;
				SDKROOT = iphoneos;
				SWIFT_OPTIMIZATION_LEVEL = "-Owholemodule";
				VALIDATE_PRODUCT = YES;
			};
			name = Release;
		};
		FFFBC9D51E5836F700C8B781 /* Debug */ = {
			isa = XCBuildConfiguration;
			baseConfigurationReference = EC7147595D7488AA073FBB88 /* Pods-Fanspole.debug.xcconfig */;
			buildSettings = {
				ASSETCATALOG_COMPILER_APPICON_NAME = AppIcon;
				DEVELOPMENT_TEAM = KA4XL394HC;
				INFOPLIST_FILE = Fanspole/Info.plist;
				LD_RUNPATH_SEARCH_PATHS = "$(inherited) @executable_path/Frameworks";
				PRODUCT_BUNDLE_IDENTIFIER = com.fanspole.Fanspole;
				PRODUCT_NAME = "$(TARGET_NAME)";
				SWIFT_VERSION = 3.0;
			};
			name = Debug;
		};
		FFFBC9D61E5836F700C8B781 /* Release */ = {
			isa = XCBuildConfiguration;
			baseConfigurationReference = D96D0571B53F10C7F4C6F94D /* Pods-Fanspole.release.xcconfig */;
			buildSettings = {
				ASSETCATALOG_COMPILER_APPICON_NAME = AppIcon;
				DEVELOPMENT_TEAM = KA4XL394HC;
				INFOPLIST_FILE = Fanspole/Info.plist;
				LD_RUNPATH_SEARCH_PATHS = "$(inherited) @executable_path/Frameworks";
				PRODUCT_BUNDLE_IDENTIFIER = com.fanspole.Fanspole;
				PRODUCT_NAME = "$(TARGET_NAME)";
				SWIFT_VERSION = 3.0;
			};
			name = Release;
		};
		FFFBC9D81E5836F700C8B781 /* Debug */ = {
			isa = XCBuildConfiguration;
			baseConfigurationReference = A8F0B8F2B6422F000E01F707 /* Pods-FanspoleTests.debug.xcconfig */;
			buildSettings = {
				ALWAYS_EMBED_SWIFT_STANDARD_LIBRARIES = YES;
				BUNDLE_LOADER = "$(TEST_HOST)";
				DEVELOPMENT_TEAM = KA4XL394HC;
				INFOPLIST_FILE = FanspoleTests/Info.plist;
				LD_RUNPATH_SEARCH_PATHS = "$(inherited) @executable_path/Frameworks @loader_path/Frameworks";
				PRODUCT_BUNDLE_IDENTIFIER = com.fanspole.FanspoleTests;
				PRODUCT_NAME = "$(TARGET_NAME)";
				SWIFT_VERSION = 3.0;
				TEST_HOST = "$(BUILT_PRODUCTS_DIR)/Fanspole.app/Fanspole";
			};
			name = Debug;
		};
		FFFBC9D91E5836F700C8B781 /* Release */ = {
			isa = XCBuildConfiguration;
			baseConfigurationReference = 2CFA4ED78914C6FD2067D778 /* Pods-FanspoleTests.release.xcconfig */;
			buildSettings = {
				ALWAYS_EMBED_SWIFT_STANDARD_LIBRARIES = YES;
				BUNDLE_LOADER = "$(TEST_HOST)";
				DEVELOPMENT_TEAM = KA4XL394HC;
				INFOPLIST_FILE = FanspoleTests/Info.plist;
				LD_RUNPATH_SEARCH_PATHS = "$(inherited) @executable_path/Frameworks @loader_path/Frameworks";
				PRODUCT_BUNDLE_IDENTIFIER = com.fanspole.FanspoleTests;
				PRODUCT_NAME = "$(TARGET_NAME)";
				SWIFT_VERSION = 3.0;
				TEST_HOST = "$(BUILT_PRODUCTS_DIR)/Fanspole.app/Fanspole";
			};
			name = Release;
		};
		FFFBC9DB1E5836F700C8B781 /* Debug */ = {
			isa = XCBuildConfiguration;
			baseConfigurationReference = 69CEDDB89305E94678EF7E8D /* Pods-FanspoleUITests.debug.xcconfig */;
			buildSettings = {
				ALWAYS_EMBED_SWIFT_STANDARD_LIBRARIES = YES;
				DEVELOPMENT_TEAM = KA4XL394HC;
				INFOPLIST_FILE = FanspoleUITests/Info.plist;
				LD_RUNPATH_SEARCH_PATHS = "$(inherited) @executable_path/Frameworks @loader_path/Frameworks";
				PRODUCT_BUNDLE_IDENTIFIER = com.fanspole.FanspoleUITests;
				PRODUCT_NAME = "$(TARGET_NAME)";
				SWIFT_VERSION = 3.0;
				TEST_TARGET_NAME = Fanspole;
			};
			name = Debug;
		};
		FFFBC9DC1E5836F700C8B781 /* Release */ = {
			isa = XCBuildConfiguration;
			baseConfigurationReference = C5E36F91DC013158BFF711F7 /* Pods-FanspoleUITests.release.xcconfig */;
			buildSettings = {
				ALWAYS_EMBED_SWIFT_STANDARD_LIBRARIES = YES;
				DEVELOPMENT_TEAM = KA4XL394HC;
				INFOPLIST_FILE = FanspoleUITests/Info.plist;
				LD_RUNPATH_SEARCH_PATHS = "$(inherited) @executable_path/Frameworks @loader_path/Frameworks";
				PRODUCT_BUNDLE_IDENTIFIER = com.fanspole.FanspoleUITests;
				PRODUCT_NAME = "$(TARGET_NAME)";
				SWIFT_VERSION = 3.0;
				TEST_TARGET_NAME = Fanspole;
			};
			name = Release;
		};
/* End XCBuildConfiguration section */

/* Begin XCConfigurationList section */
		FFFBC9A71E5836F700C8B781 /* Build configuration list for PBXProject "Fanspole" */ = {
			isa = XCConfigurationList;
			buildConfigurations = (
				FFFBC9D21E5836F700C8B781 /* Debug */,
				FFFBC9D31E5836F700C8B781 /* Release */,
			);
			defaultConfigurationIsVisible = 0;
			defaultConfigurationName = Release;
		};
		FFFBC9D41E5836F700C8B781 /* Build configuration list for PBXNativeTarget "Fanspole" */ = {
			isa = XCConfigurationList;
			buildConfigurations = (
				FFFBC9D51E5836F700C8B781 /* Debug */,
				FFFBC9D61E5836F700C8B781 /* Release */,
			);
			defaultConfigurationIsVisible = 0;
			defaultConfigurationName = Release;
		};
		FFFBC9D71E5836F700C8B781 /* Build configuration list for PBXNativeTarget "FanspoleTests" */ = {
			isa = XCConfigurationList;
			buildConfigurations = (
				FFFBC9D81E5836F700C8B781 /* Debug */,
				FFFBC9D91E5836F700C8B781 /* Release */,
			);
			defaultConfigurationIsVisible = 0;
			defaultConfigurationName = Release;
		};
		FFFBC9DA1E5836F700C8B781 /* Build configuration list for PBXNativeTarget "FanspoleUITests" */ = {
			isa = XCConfigurationList;
			buildConfigurations = (
				FFFBC9DB1E5836F700C8B781 /* Debug */,
				FFFBC9DC1E5836F700C8B781 /* Release */,
			);
			defaultConfigurationIsVisible = 0;
			defaultConfigurationName = Release;
		};
/* End XCConfigurationList section */
	};
	rootObject = FFFBC9A41E5836F700C8B781 /* Project object */;
}
